
Microsoft Visual Studio Solution File, Format Version 12.00
# Visual Studio 2017
Project("{FAE04EC0-301F-11D3-BF4B-00C04F79EFBC}") = "Procedural Landmass", "Procedural Landmass.csproj", "{A48C8195-DC1F-51FA-6337-38959842E671}"
EndProject
Project("{FAE04EC0-301F-11D3-BF4B-00C04F79EFBC}") = "Procedural Landmass.Editor", "Procedural Landmass.Editor.csproj", "{23ABB9B9-24B4-8BBB-BAA2-C777C8F075C9}"
EndProject
Global
	GlobalSection(SolutionConfigurationPlatforms) = preSolution
		Debug|Any CPU = Debug|Any CPU
		Release|Any CPU = Release|Any CPU
	EndGlobalSection
	GlobalSection(ProjectConfigurationPlatforms) = postSolution
		{A48C8195-DC1F-51FA-6337-38959842E671}.Debug|Any CPU.ActiveCfg = Debug|Any CPU
		{A48C8195-DC1F-51FA-6337-38959842E671}.Debug|Any CPU.Build.0 = Debug|Any CPU
		{A48C8195-DC1F-51FA-6337-38959842E671}.Release|Any CPU.ActiveCfg = Release|Any CPU
		{A48C8195-DC1F-51FA-6337-38959842E671}.Release|Any CPU.Build.0 = Release|Any CPU
		{23ABB9B9-24B4-8BBB-BAA2-C777C8F075C9}.Debug|Any CPU.ActiveCfg = Debug|Any CPU
		{23ABB9B9-24B4-8BBB-BAA2-C777C8F075C9}.Debug|Any CPU.Build.0 = Debug|Any CPU
		{23ABB9B9-24B4-8BBB-BAA2-C777C8F075C9}.Release|Any CPU.ActiveCfg = Release|Any CPU
		{23ABB9B9-24B4-8BBB-BAA2-C777C8F075C9}.Release|Any CPU.Build.0 = Release|Any CPU
	EndGlobalSection
	GlobalSection(SolutionProperties) = preSolution
		HideSolutionNode = FALSE
	EndGlobalSection
EndGlobal
